{
  "name": "nasriya-dns",
  "version": "1.0.0",
  "lockfileVersion": 3,
  "requires": true,
  "packages": {
    "": {
      "name": "nasriya-dns",
      "version": "1.0.0",
      "license": "ISC",
      "dependencies": {
        "tldts": "^6.1.11"
      }
    },
    "node_modules/tldts": {
      "version": "6.1.11",
      "resolved": "https://registry.npmjs.org/tldts/-/tldts-6.1.11.tgz",
      "integrity": "sha512-AAgE/IWvbsg4Lr4KGFNR7bL/MhQfBlgGV9UBg2uy5mCwSGi5f12eZ7ZydAqv4ACys6pUYjNoV2qfZdcCn4RS+Q==",
      "dependencies": {
        "tldts-core": "^6.1.11"
      },
      "bin": {
        "tldts": "bin/cli.js"
      }
    },
    "node_modules/tldts-core": {
      "version": "6.1.11",
      "resolved": "https://registry.npmjs.org/tldts-core/-/tldts-core-6.1.11.tgz",
      "integrity": "sha512-ZFcT+/fdEc5VRndQIJtArNBHsaq4udRoeE4E6cwLzGaH0dq7Ng2L7cAoea6riM2uhNFD09EDa1bN8lrfrOBCLg=="
    }
  }
}
